
Microsoft Visual Studio Solution File, Format Version 12.00
# Visual Studio Version 17
VisualStudioVersion = 17.1.32210.238
MinimumVisualStudioVersion = 10.0.40219.1
Project("{FAE04EC0-301F-11D3-BF4B-00C04F79EFBC}") = "PASTANE", "PASTANE\PASTANE.csproj", "{AC34B956-48D7-42DF-90E6-CB33331279E4}"
EndProject
Global
	GlobalSection(SolutionConfigurationPlatforms) = preSolution
		Debug|Any CPU = Debug|Any CPU
		Release|Any CPU = Release|Any CPU
	EndGlobalSection
	GlobalSection(ProjectConfigurationPlatforms) = postSolution
		{AC34B956-48D7-42DF-90E6-CB33331279E4}.Debug|Any CPU.ActiveCfg = Debug|Any CPU
		{AC34B956-48D7-42DF-90E6-CB33331279E4}.Debug|Any CPU.Build.0 = Debug|Any CPU
		{AC34B956-48D7-42DF-90E6-CB33331279E4}.Release|Any CPU.ActiveCfg = Release|Any CPU
		{AC34B956-48D7-42DF-90E6-CB33331279E4}.Release|Any CPU.Build.0 = Release|Any CPU
	EndGlobalSection
	GlobalSection(SolutionProperties) = preSolution
		HideSolutionNode = FALSE
	EndGlobalSection
	GlobalSection(ExtensibilityGlobals) = postSolution
		SolutionGuid = {8DACFB46-C0F5-4585-BC53-8FE1858C0101}
	EndGlobalSection
EndGlobal
